// !$*UTF8*$!
{
	archiveVersion = 1;
	classes = {
	};
	objectVersion = 56;
	objects = {

/* Begin PBXBuildFile section */
		BD1C4C922A9A1D4100A2CBA9 /* Constants.swift in Sources */ = {isa = PBXBuildFile; fileRef = BD1C4C912A9A1D4100A2CBA9 /* Constants.swift */; };
		BD1C4C952A9A480D00A2CBA9 /* AuthViewController.swift in Sources */ = {isa = PBXBuildFile; fileRef = BD1C4C942A9A480D00A2CBA9 /* AuthViewController.swift */; };
		BD1C4C972A9A506D00A2CBA9 /* WebViewViewController.swift in Sources */ = {isa = PBXBuildFile; fileRef = BD1C4C962A9A506D00A2CBA9 /* WebViewViewController.swift */; };
		BD567BB12AA064590029A763 /* SplashViewController.swift in Sources */ = {isa = PBXBuildFile; fileRef = BD567BB02AA064590029A763 /* SplashViewController.swift */; };
		BD567BB52AAB7EDC0029A763 /* ProgressHUD in Frameworks */ = {isa = PBXBuildFile; productRef = BD567BB42AAB7EDC0029A763 /* ProgressHUD */; };
		BD7B958A2A82A67A00ACFEB4 /* AppDelegate.swift in Sources */ = {isa = PBXBuildFile; fileRef = BD7B95892A82A67A00ACFEB4 /* AppDelegate.swift */; };
		BD7B958C2A82A67A00ACFEB4 /* SceneDelegate.swift in Sources */ = {isa = PBXBuildFile; fileRef = BD7B958B2A82A67A00ACFEB4 /* SceneDelegate.swift */; };
		BD7B958E2A82A67A00ACFEB4 /* ImagesListViewController.swift in Sources */ = {isa = PBXBuildFile; fileRef = BD7B958D2A82A67A00ACFEB4 /* ImagesListViewController.swift */; };
		BD7B95912A82A67A00ACFEB4 /* Main.storyboard in Resources */ = {isa = PBXBuildFile; fileRef = BD7B958F2A82A67A00ACFEB4 /* Main.storyboard */; };
		BD7B95932A82A67C00ACFEB4 /* Assets.xcassets in Resources */ = {isa = PBXBuildFile; fileRef = BD7B95922A82A67C00ACFEB4 /* Assets.xcassets */; };
		BD7B95962A82A67C00ACFEB4 /* LaunchScreen.storyboard in Resources */ = {isa = PBXBuildFile; fileRef = BD7B95942A82A67C00ACFEB4 /* LaunchScreen.storyboard */; };
		BD7B959E2A83520100ACFEB4 /* ImagesListCell.swift in Sources */ = {isa = PBXBuildFile; fileRef = BD7B959D2A83520100ACFEB4 /* ImagesListCell.swift */; };
		BD7B95A22A85595D00ACFEB4 /* ProfileViewController.swift in Sources */ = {isa = PBXBuildFile; fileRef = BD7B95A12A85595D00ACFEB4 /* ProfileViewController.swift */; };
		BD7B95A52A87D5B100ACFEB4 /* SingleImageViewController.swift in Sources */ = {isa = PBXBuildFile; fileRef = BD7B95A42A87D5B100ACFEB4 /* SingleImageViewController.swift */; };
		BDA35CCC2A9C9B770022E781 /* OAuth2Srevice.swift in Sources */ = {isa = PBXBuildFile; fileRef = BDA35CCB2A9C9B770022E781 /* OAuth2Srevice.swift */; };
		BDA35CCE2A9C9BB10022E781 /* OAuth2TokenStorage.swift in Sources */ = {isa = PBXBuildFile; fileRef = BDA35CCD2A9C9BB10022E781 /* OAuth2TokenStorage.swift */; };
		BDCB31A82A8FD8E300C197A8 /* UIColor+Extensions.swift in Sources */ = {isa = PBXBuildFile; fileRef = BDCB31A72A8FD8E300C197A8 /* UIColor+Extensions.swift */; };
/* End PBXBuildFile section */

/* Begin PBXFileReference section */
		BD1C4C912A9A1D4100A2CBA9 /* Constants.swift */ = {isa = PBXFileReference; lastKnownFileType = sourcecode.swift; path = Constants.swift; sourceTree = "<group>"; };
		BD1C4C942A9A480D00A2CBA9 /* AuthViewController.swift */ = {isa = PBXFileReference; lastKnownFileType = sourcecode.swift; path = AuthViewController.swift; sourceTree = "<group>"; };
		BD1C4C962A9A506D00A2CBA9 /* WebViewViewController.swift */ = {isa = PBXFileReference; lastKnownFileType = sourcecode.swift; path = WebViewViewController.swift; sourceTree = "<group>"; };
		BD567BB02AA064590029A763 /* SplashViewController.swift */ = {isa = PBXFileReference; lastKnownFileType = sourcecode.swift; path = SplashViewController.swift; sourceTree = "<group>"; };
		BD7B95862A82A67A00ACFEB4 /* ImageFeed.app */ = {isa = PBXFileReference; explicitFileType = wrapper.application; includeInIndex = 0; path = ImageFeed.app; sourceTree = BUILT_PRODUCTS_DIR; };
		BD7B95892A82A67A00ACFEB4 /* AppDelegate.swift */ = {isa = PBXFileReference; lastKnownFileType = sourcecode.swift; path = AppDelegate.swift; sourceTree = "<group>"; };
		BD7B958B2A82A67A00ACFEB4 /* SceneDelegate.swift */ = {isa = PBXFileReference; lastKnownFileType = sourcecode.swift; path = SceneDelegate.swift; sourceTree = "<group>"; };
		BD7B958D2A82A67A00ACFEB4 /* ImagesListViewController.swift */ = {isa = PBXFileReference; lastKnownFileType = sourcecode.swift; path = ImagesListViewController.swift; sourceTree = "<group>"; };
		BD7B95902A82A67A00ACFEB4 /* Base */ = {isa = PBXFileReference; lastKnownFileType = file.storyboard; name = Base; path = Base.lproj/Main.storyboard; sourceTree = "<group>"; };
		BD7B95922A82A67C00ACFEB4 /* Assets.xcassets */ = {isa = PBXFileReference; lastKnownFileType = folder.assetcatalog; path = Assets.xcassets; sourceTree = "<group>"; };
		BD7B95952A82A67C00ACFEB4 /* Base */ = {isa = PBXFileReference; lastKnownFileType = file.storyboard; name = Base; path = Base.lproj/LaunchScreen.storyboard; sourceTree = "<group>"; };
		BD7B95972A82A67C00ACFEB4 /* Info.plist */ = {isa = PBXFileReference; lastKnownFileType = text.plist.xml; path = Info.plist; sourceTree = "<group>"; };
		BD7B959D2A83520100ACFEB4 /* ImagesListCell.swift */ = {isa = PBXFileReference; lastKnownFileType = sourcecode.swift; path = ImagesListCell.swift; sourceTree = "<group>"; };
		BD7B95A12A85595D00ACFEB4 /* ProfileViewController.swift */ = {isa = PBXFileReference; lastKnownFileType = sourcecode.swift; path = ProfileViewController.swift; sourceTree = "<group>"; };
		BD7B95A42A87D5B100ACFEB4 /* SingleImageViewController.swift */ = {isa = PBXFileReference; lastKnownFileType = sourcecode.swift; path = SingleImageViewController.swift; sourceTree = "<group>"; };
		BDA35CCB2A9C9B770022E781 /* OAuth2Srevice.swift */ = {isa = PBXFileReference; lastKnownFileType = sourcecode.swift; path = OAuth2Srevice.swift; sourceTree = "<group>"; };
		BDA35CCD2A9C9BB10022E781 /* OAuth2TokenStorage.swift */ = {isa = PBXFileReference; lastKnownFileType = sourcecode.swift; path = OAuth2TokenStorage.swift; sourceTree = "<group>"; };
		BDCB31A72A8FD8E300C197A8 /* UIColor+Extensions.swift */ = {isa = PBXFileReference; lastKnownFileType = sourcecode.swift; path = "UIColor+Extensions.swift"; sourceTree = "<group>"; };
/* End PBXFileReference section */

/* Begin PBXFrameworksBuildPhase section */
		BD7B95832A82A67A00ACFEB4 /* Frameworks */ = {
			isa = PBXFrameworksBuildPhase;
			buildActionMask = 2147483647;
			files = (
				BD567BB52AAB7EDC0029A763 /* ProgressHUD in Frameworks */,
			);
			runOnlyForDeploymentPostprocessing = 0;
		};
/* End PBXFrameworksBuildPhase section */

/* Begin PBXGroup section */
		BD1C4C932A9A47E400A2CBA9 /* Auth */ = {
			isa = PBXGroup;
			children = (
				BD1C4C942A9A480D00A2CBA9 /* AuthViewController.swift */,
				BD1C4C962A9A506D00A2CBA9 /* WebViewViewController.swift */,
			);
			path = Auth;
			sourceTree = "<group>";
		};
		BD567BAF2AA0643F0029A763 /* SplashView */ = {
			isa = PBXGroup;
			children = (
				BD567BB02AA064590029A763 /* SplashViewController.swift */,
			);
			path = SplashView;
			sourceTree = "<group>";
		};
		BD567BB22AA077330029A763 /* OAuth2 */ = {
			isa = PBXGroup;
			children = (
				BDA35CCB2A9C9B770022E781 /* OAuth2Srevice.swift */,
				BDA35CCD2A9C9BB10022E781 /* OAuth2TokenStorage.swift */,
			);
			path = OAuth2;
			sourceTree = "<group>";
		};
		BD7B957D2A82A67A00ACFEB4 = {
			isa = PBXGroup;
			children = (
				BD7B95882A82A67A00ACFEB4 /* ImageFeed */,
				BD7B95872A82A67A00ACFEB4 /* Products */,
			);
			sourceTree = "<group>";
		};
		BD7B95872A82A67A00ACFEB4 /* Products */ = {
			isa = PBXGroup;
			children = (
				BD7B95862A82A67A00ACFEB4 /* ImageFeed.app */,
			);
			name = Products;
			sourceTree = "<group>";
		};
		BD7B95882A82A67A00ACFEB4 /* ImageFeed */ = {
			isa = PBXGroup;
			children = (
				BD567BB22AA077330029A763 /* OAuth2 */,
				BD567BAF2AA0643F0029A763 /* SplashView */,
				BD1C4C932A9A47E400A2CBA9 /* Auth */,
				BDCB31A62A8FD8B600C197A8 /* Helper */,
				BD7B95A32A87D57E00ACFEB4 /* SingleImage */,
				BD7B95A02A85592A00ACFEB4 /* Profile */,
				BD7B959F2A8352B000ACFEB4 /* ImagesList */,
				BD7B95892A82A67A00ACFEB4 /* AppDelegate.swift */,
				BD7B958B2A82A67A00ACFEB4 /* SceneDelegate.swift */,
				BD7B958F2A82A67A00ACFEB4 /* Main.storyboard */,
				BD7B95922A82A67C00ACFEB4 /* Assets.xcassets */,
				BD7B95942A82A67C00ACFEB4 /* LaunchScreen.storyboard */,
				BD7B95972A82A67C00ACFEB4 /* Info.plist */,
			);
			path = ImageFeed;
			sourceTree = "<group>";
		};
		BD7B959F2A8352B000ACFEB4 /* ImagesList */ = {
			isa = PBXGroup;
			children = (
				BD7B958D2A82A67A00ACFEB4 /* ImagesListViewController.swift */,
				BD7B959D2A83520100ACFEB4 /* ImagesListCell.swift */,
				BD1C4C912A9A1D4100A2CBA9 /* Constants.swift */,
			);
			path = ImagesList;
			sourceTree = "<group>";
		};
		BD7B95A02A85592A00ACFEB4 /* Profile */ = {
			isa = PBXGroup;
			children = (
				BD7B95A12A85595D00ACFEB4 /* ProfileViewController.swift */,
			);
			path = Profile;
			sourceTree = "<group>";
		};
		BD7B95A32A87D57E00ACFEB4 /* SingleImage */ = {
			isa = PBXGroup;
			children = (
				BD7B95A42A87D5B100ACFEB4 /* SingleImageViewController.swift */,
			);
			path = SingleImage;
			sourceTree = "<group>";
		};
		BDCB31A62A8FD8B600C197A8 /* Helper */ = {
			isa = PBXGroup;
			children = (
				BDCB31A72A8FD8E300C197A8 /* UIColor+Extensions.swift */,
			);
			path = Helper;
			sourceTree = "<group>";
		};
/* End PBXGroup section */

/* Begin PBXNativeTarget section */
		BD7B95852A82A67A00ACFEB4 /* ImageFeed */ = {
			isa = PBXNativeTarget;
			buildConfigurationList = BD7B959A2A82A67C00ACFEB4 /* Build configuration list for PBXNativeTarget "ImageFeed" */;
			buildPhases = (
				BD7B95822A82A67A00ACFEB4 /* Sources */,
				BD7B95832A82A67A00ACFEB4 /* Frameworks */,
				BD7B95842A82A67A00ACFEB4 /* Resources */,
				BD4CAF5C2A9682B500E1EB4A /* ShellScript */,
			);
			buildRules = (
			);
			dependencies = (
			);
			name = ImageFeed;
			packageProductDependencies = (
				BD567BB42AAB7EDC0029A763 /* ProgressHUD */,
			);
			productName = ImageFeed;
			productReference = BD7B95862A82A67A00ACFEB4 /* ImageFeed.app */;
			productType = "com.apple.product-type.application";
		};
/* End PBXNativeTarget section */

/* Begin PBXProject section */
		BD7B957E2A82A67A00ACFEB4 /* Project object */ = {
			isa = PBXProject;
			attributes = {
				BuildIndependentTargetsInParallel = 1;
				LastSwiftUpdateCheck = 1430;
				LastUpgradeCheck = 1430;
				TargetAttributes = {
					BD7B95852A82A67A00ACFEB4 = {
						CreatedOnToolsVersion = 14.3.1;
					};
				};
			};
			buildConfigurationList = BD7B95812A82A67A00ACFEB4 /* Build configuration list for PBXProject "ImageFeed" */;
			compatibilityVersion = "Xcode 14.0";
			developmentRegion = en;
			hasScannedForEncodings = 0;
			knownRegions = (
				en,
				Base,
			);
			mainGroup = BD7B957D2A82A67A00ACFEB4;
			packageReferences = (
				BD567BB32AAB7EDC0029A763 /* XCRemoteSwiftPackageReference "ProgressHUD" */,
			);
			productRefGroup = BD7B95872A82A67A00ACFEB4 /* Products */;
			projectDirPath = "";
			projectRoot = "";
			targets = (
				BD7B95852A82A67A00ACFEB4 /* ImageFeed */,
			);
		};
/* End PBXProject section */

/* Begin PBXResourcesBuildPhase section */
		BD7B95842A82A67A00ACFEB4 /* Resources */ = {
			isa = PBXResourcesBuildPhase;
			buildActionMask = 2147483647;
			files = (
				BD7B95962A82A67C00ACFEB4 /* LaunchScreen.storyboard in Resources */,
				BD7B95932A82A67C00ACFEB4 /* Assets.xcassets in Resources */,
				BD7B95912A82A67A00ACFEB4 /* Main.storyboard in Resources */,
			);
			runOnlyForDeploymentPostprocessing = 0;
		};
/* End PBXResourcesBuildPhase section */

/* Begin PBXShellScriptBuildPhase section */
		BD4CAF5C2A9682B500E1EB4A /* ShellScript */ = {
			isa = PBXShellScriptBuildPhase;
			buildActionMask = 2147483647;
			files = (
			);
			inputFileListPaths = (
			);
			inputPaths = (
			);
			outputFileListPaths = (
			);
			outputPaths = (
			);
			runOnlyForDeploymentPostprocessing = 0;
			shellPath = /bin/sh;
			shellScript = "if [[ \"$(uname -m)\" == arm64 ]]; then\n    export PATH=\"/opt/homebrew/bin:$PATH\"\nfi\n\nif which swiftlint > /dev/null; then\n  swiftlint\nelse\n  echo \"warning: SwiftLint not installed, download from https://github.com/realm/SwiftLint\"\nfi\n";
		};
/* End PBXShellScriptBuildPhase section */

/* Begin PBXSourcesBuildPhase section */
		BD7B95822A82A67A00ACFEB4 /* Sources */ = {
			isa = PBXSourcesBuildPhase;
			buildActionMask = 2147483647;
			files = (
				BD1C4C972A9A506D00A2CBA9 /* WebViewViewController.swift in Sources */,
				BD7B958E2A82A67A00ACFEB4 /* ImagesListViewController.swift in Sources */,
				BD7B959E2A83520100ACFEB4 /* ImagesListCell.swift in Sources */,
				BD7B95A22A85595D00ACFEB4 /* ProfileViewController.swift in Sources */,
				BD7B958A2A82A67A00ACFEB4 /* AppDelegate.swift in Sources */,
				BDA35CCC2A9C9B770022E781 /* OAuth2Srevice.swift in Sources */,
				BDA35CCE2A9C9BB10022E781 /* OAuth2TokenStorage.swift in Sources */,
				BDCB31A82A8FD8E300C197A8 /* UIColor+Extensions.swift in Sources */,
				BD7B95A52A87D5B100ACFEB4 /* SingleImageViewController.swift in Sources */,
				BD7B958C2A82A67A00ACFEB4 /* SceneDelegate.swift in Sources */,
				BD1C4C952A9A480D00A2CBA9 /* AuthViewController.swift in Sources */,
				BD1C4C922A9A1D4100A2CBA9 /* Constants.swift in Sources */,
				BD567BB12AA064590029A763 /* SplashViewController.swift in Sources */,
			);
			runOnlyForDeploymentPostprocessing = 0;
		};
/* End PBXSourcesBuildPhase section */

/* Begin PBXVariantGroup section */
		BD7B958F2A82A67A00ACFEB4 /* Main.storyboard */ = {
			isa = PBXVariantGroup;
			children = (
				BD7B95902A82A67A00ACFEB4 /* Base */,
			);
			name = Main.storyboard;
			sourceTree = "<group>";
		};
		BD7B95942A82A67C00ACFEB4 /* LaunchScreen.storyboard */ = {
			isa = PBXVariantGroup;
			children = (
				BD7B95952A82A67C00ACFEB4 /* Base */,
			);
			name = LaunchScreen.storyboard;
			sourceTree = "<group>";
		};
/* End PBXVariantGroup section */

/* Begin XCBuildConfiguration section */
		BD7B95982A82A67C00ACFEB4 /* Debug */ = {
			isa = XCBuildConfiguration;
			buildSettings = {
				ALWAYS_SEARCH_USER_PATHS = NO;
				CLANG_ANALYZER_NONNULL = YES;
				CLANG_ANALYZER_NUMBER_OBJECT_CONVERSION = YES_AGGRESSIVE;
				CLANG_CXX_LANGUAGE_STANDARD = "gnu++20";
				CLANG_ENABLE_MODULES = YES;
				CLANG_ENABLE_OBJC_ARC = YES;
				CLANG_ENABLE_OBJC_WEAK = YES;
				CLANG_WARN_BLOCK_CAPTURE_AUTORELEASING = YES;
				CLANG_WARN_BOOL_CONVERSION = YES;
				CLANG_WARN_COMMA = YES;
				CLANG_WARN_CONSTANT_CONVERSION = YES;
				CLANG_WARN_DEPRECATED_OBJC_IMPLEMENTATIONS = YES;
				CLANG_WARN_DIRECT_OBJC_ISA_USAGE = YES_ERROR;
				CLANG_WARN_DOCUMENTATION_COMMENTS = YES;
				CLANG_WARN_EMPTY_BODY = YES;
				CLANG_WARN_ENUM_CONVERSION = YES;
				CLANG_WARN_INFINITE_RECURSION = YES;
				CLANG_WARN_INT_CONVERSION = YES;
				CLANG_WARN_NON_LITERAL_NULL_CONVERSION = YES;
				CLANG_WARN_OBJC_IMPLICIT_RETAIN_SELF = YES;
				CLANG_WARN_OBJC_LITERAL_CONVERSION = YES;
				CLANG_WARN_OBJC_ROOT_CLASS = YES_ERROR;
				CLANG_WARN_QUOTED_INCLUDE_IN_FRAMEWORK_HEADER = YES;
				CLANG_WARN_RANGE_LOOP_ANALYSIS = YES;
				CLANG_WARN_STRICT_PROTOTYPES = YES;
				CLANG_WARN_SUSPICIOUS_MOVE = YES;
				CLANG_WARN_UNGUARDED_AVAILABILITY = YES_AGGRESSIVE;
				CLANG_WARN_UNREACHABLE_CODE = YES;
				CLANG_WARN__DUPLICATE_METHOD_MATCH = YES;
				COPY_PHASE_STRIP = NO;
				DEBUG_INFORMATION_FORMAT = dwarf;
				ENABLE_STRICT_OBJC_MSGSEND = YES;
				ENABLE_TESTABILITY = YES;
				GCC_C_LANGUAGE_STANDARD = gnu11;
				GCC_DYNAMIC_NO_PIC = NO;
				GCC_NO_COMMON_BLOCKS = YES;
				GCC_OPTIMIZATION_LEVEL = 0;
				GCC_PREPROCESSOR_DEFINITIONS = (
					"DEBUG=1",
					"$(inherited)",
				);
				GCC_WARN_64_TO_32_BIT_CONVERSION = YES;
				GCC_WARN_ABOUT_RETURN_TYPE = YES_ERROR;
				GCC_WARN_UNDECLARED_SELECTOR = YES;
				GCC_WARN_UNINITIALIZED_AUTOS = YES_AGGRESSIVE;
				GCC_WARN_UNUSED_FUNCTION = YES;
				GCC_WARN_UNUSED_VARIABLE = YES;
				IPHONEOS_DEPLOYMENT_TARGET = 16.4;
				MTL_ENABLE_DEBUG_INFO = INCLUDE_SOURCE;
				MTL_FAST_MATH = YES;
				ONLY_ACTIVE_ARCH = YES;
				SDKROOT = iphoneos;
				SWIFT_ACTIVE_COMPILATION_CONDITIONS = DEBUG;
				SWIFT_OPTIMIZATION_LEVEL = "-Onone";
			};
			name = Debug;
		};
		BD7B95992A82A67C00ACFEB4 /* Release */ = {
			isa = XCBuildConfiguration;
			buildSettings = {
				ALWAYS_SEARCH_USER_PATHS = NO;
				CLANG_ANALYZER_NONNULL = YES;
				CLANG_ANALYZER_NUMBER_OBJECT_CONVERSION = YES_AGGRESSIVE;
				CLANG_CXX_LANGUAGE_STANDARD = "gnu++20";
				CLANG_ENABLE_MODULES = YES;
				CLANG_ENABLE_OBJC_ARC = YES;
				CLANG_ENABLE_OBJC_WEAK = YES;
				CLANG_WARN_BLOCK_CAPTURE_AUTORELEASING = YES;
				CLANG_WARN_BOOL_CONVERSION = YES;
				CLANG_WARN_COMMA = YES;
				CLANG_WARN_CONSTANT_CONVERSION = YES;
				CLANG_WARN_DEPRECATED_OBJC_IMPLEMENTATIONS = YES;
				CLANG_WARN_DIRECT_OBJC_ISA_USAGE = YES_ERROR;
				CLANG_WARN_DOCUMENTATION_COMMENTS = YES;
				CLANG_WARN_EMPTY_BODY = YES;
				CLANG_WARN_ENUM_CONVERSION = YES;
				CLANG_WARN_INFINITE_RECURSION = YES;
				CLANG_WARN_INT_CONVERSION = YES;
				CLANG_WARN_NON_LITERAL_NULL_CONVERSION = YES;
				CLANG_WARN_OBJC_IMPLICIT_RETAIN_SELF = YES;
				CLANG_WARN_OBJC_LITERAL_CONVERSION = YES;
				CLANG_WARN_OBJC_ROOT_CLASS = YES_ERROR;
				CLANG_WARN_QUOTED_INCLUDE_IN_FRAMEWORK_HEADER = YES;
				CLANG_WARN_RANGE_LOOP_ANALYSIS = YES;
				CLANG_WARN_STRICT_PROTOTYPES = YES;
				CLANG_WARN_SUSPICIOUS_MOVE = YES;
				CLANG_WARN_UNGUARDED_AVAILABILITY = YES_AGGRESSIVE;
				CLANG_WARN_UNREACHABLE_CODE = YES;
				CLANG_WARN__DUPLICATE_METHOD_MATCH = YES;
				COPY_PHASE_STRIP = NO;
				DEBUG_INFORMATION_FORMAT = "dwarf-with-dsym";
				ENABLE_NS_ASSERTIONS = NO;
				ENABLE_STRICT_OBJC_MSGSEND = YES;
				GCC_C_LANGUAGE_STANDARD = gnu11;
				GCC_NO_COMMON_BLOCKS = YES;
				GCC_WARN_64_TO_32_BIT_CONVERSION = YES;
				GCC_WARN_ABOUT_RETURN_TYPE = YES_ERROR;
				GCC_WARN_UNDECLARED_SELECTOR = YES;
				GCC_WARN_UNINITIALIZED_AUTOS = YES_AGGRESSIVE;
				GCC_WARN_UNUSED_FUNCTION = YES;
				GCC_WARN_UNUSED_VARIABLE = YES;
				IPHONEOS_DEPLOYMENT_TARGET = 16.4;
				MTL_ENABLE_DEBUG_INFO = NO;
				MTL_FAST_MATH = YES;
				SDKROOT = iphoneos;
				SWIFT_COMPILATION_MODE = wholemodule;
				SWIFT_OPTIMIZATION_LEVEL = "-O";
				VALIDATE_PRODUCT = YES;
			};
			name = Release;
		};
		BD7B959B2A82A67C00ACFEB4 /* Debug */ = {
			isa = XCBuildConfiguration;
			buildSettings = {
				ASSETCATALOG_COMPILER_APPICON_NAME = AppIcon;
				ASSETCATALOG_COMPILER_GLOBAL_ACCENT_COLOR_NAME = AccentColor;
				CODE_SIGN_STYLE = Automatic;
				CURRENT_PROJECT_VERSION = 1;
				DEVELOPMENT_TEAM = 753K48DWA5;
				GENERATE_INFOPLIST_FILE = YES;
				INFOPLIST_FILE = ImageFeed/Info.plist;
				INFOPLIST_KEY_UIApplicationSupportsIndirectInputEvents = YES;
				INFOPLIST_KEY_UILaunchStoryboardName = LaunchScreen;
				INFOPLIST_KEY_UIMainStoryboardFile = Main;
				INFOPLIST_KEY_UISupportedInterfaceOrientations = UIInterfaceOrientationPortrait;
				INFOPLIST_KEY_UISupportedInterfaceOrientations_iPad = "UIInterfaceOrientationLandscapeLeft UIInterfaceOrientationLandscapeRight UIInterfaceOrientationPortrait UIInterfaceOrientationPortraitUpsideDown";
				IPHONEOS_DEPLOYMENT_TARGET = 13.0;
				LD_RUNPATH_SEARCH_PATHS = (
					"$(inherited)",
					"@executable_path/Frameworks",
				);
				MARKETING_VERSION = 1.0;
				PRODUCT_BUNDLE_IDENTIFIER = ru.yandex.practicum.ImageFeed;
				PRODUCT_NAME = "$(TARGET_NAME)";
				SUPPORTED_PLATFORMS = "iphoneos iphonesimulator";
				SUPPORTS_MACCATALYST = NO;
				SUPPORTS_MAC_DESIGNED_FOR_IPHONE_IPAD = YES;
				SWIFT_EMIT_LOC_STRINGS = YES;
				SWIFT_VERSION = 5.0;
				TARGETED_DEVICE_FAMILY = 1;
			};
			name = Debug;
		};
		BD7B959C2A82A67C00ACFEB4 /* Release */ = {
			isa = XCBuildConfiguration;
			buildSettings = {
				ASSETCATALOG_COMPILER_APPICON_NAME = AppIcon;
				ASSETCATALOG_COMPILER_GLOBAL_ACCENT_COLOR_NAME = AccentColor;
				CODE_SIGN_STYLE = Automatic;
				CURRENT_PROJECT_VERSION = 1;
				DEVELOPMENT_TEAM = 753K48DWA5;
				GENERATE_INFOPLIST_FILE = YES;
				INFOPLIST_FILE = ImageFeed/Info.plist;
				INFOPLIST_KEY_UIApplicationSupportsIndirectInputEvents = YES;
				INFOPLIST_KEY_UILaunchStoryboardName = LaunchScreen;
				INFOPLIST_KEY_UIMainStoryboardFile = Main;
				INFOPLIST_KEY_UISupportedInterfaceOrientations = UIInterfaceOrientationPortrait;
				INFOPLIST_KEY_UISupportedInterfaceOrientations_iPad = "UIInterfaceOrientationLandscapeLeft UIInterfaceOrientationLandscapeRight UIInterfaceOrientationPortrait UIInterfaceOrientationPortraitUpsideDown";
				IPHONEOS_DEPLOYMENT_TARGET = 13.0;
				LD_RUNPATH_SEARCH_PATHS = (
					"$(inherited)",
					"@executable_path/Frameworks",
				);
				MARKETING_VERSION = 1.0;
				PRODUCT_BUNDLE_IDENTIFIER = ru.yandex.practicum.ImageFeed;
				PRODUCT_NAME = "$(TARGET_NAME)";
				SUPPORTED_PLATFORMS = "iphoneos iphonesimulator";
				SUPPORTS_MACCATALYST = NO;
				SUPPORTS_MAC_DESIGNED_FOR_IPHONE_IPAD = YES;
				SWIFT_EMIT_LOC_STRINGS = YES;
				SWIFT_VERSION = 5.0;
				TARGETED_DEVICE_FAMILY = 1;
			};
			name = Release;
		};
/* End XCBuildConfiguration section */

/* Begin XCConfigurationList section */
		BD7B95812A82A67A00ACFEB4 /* Build configuration list for PBXProject "ImageFeed" */ = {
			isa = XCConfigurationList;
			buildConfigurations = (
				BD7B95982A82A67C00ACFEB4 /* Debug */,
				BD7B95992A82A67C00ACFEB4 /* Release */,
			);
			defaultConfigurationIsVisible = 0;
			defaultConfigurationName = Release;
		};
		BD7B959A2A82A67C00ACFEB4 /* Build configuration list for PBXNativeTarget "ImageFeed" */ = {
			isa = XCConfigurationList;
			buildConfigurations = (
				BD7B959B2A82A67C00ACFEB4 /* Debug */,
				BD7B959C2A82A67C00ACFEB4 /* Release */,
			);
			defaultConfigurationIsVisible = 0;
			defaultConfigurationName = Release;
		};
/* End XCConfigurationList section */

/* Begin XCRemoteSwiftPackageReference section */
		BD567BB32AAB7EDC0029A763 /* XCRemoteSwiftPackageReference "ProgressHUD" */ = {
			isa = XCRemoteSwiftPackageReference;
			repositoryURL = "https://github.com/relatedcode/ProgressHUD";
			requirement = {
				kind = exactVersion;
				version = 13.7.2;
			};
		};
/* End XCRemoteSwiftPackageReference section */

/* Begin XCSwiftPackageProductDependency section */
		BD567BB42AAB7EDC0029A763 /* ProgressHUD */ = {
			isa = XCSwiftPackageProductDependency;
			package = BD567BB32AAB7EDC0029A763 /* XCRemoteSwiftPackageReference "ProgressHUD" */;
			productName = ProgressHUD;
		};
/* End XCSwiftPackageProductDependency section */
	};
	rootObject = BD7B957E2A82A67A00ACFEB4 /* Project object */;
}
